
Microsoft Visual Studio Solution File, Format Version 12.00
# Visual Studio Version 17
VisualStudioVersion = 17.8.34511.84
MinimumVisualStudioVersion = 10.0.40219.1
Project("{FAE04EC0-301F-11D3-BF4B-00C04F79EFBC}") = "ToastNotify", "ToastNotify\ToastNotify.csproj", "{BE145DBC-66A8-4F8C-BED3-735441639D1C}"
EndProject
Global
	GlobalSection(SolutionConfigurationPlatforms) = preSolution
		Debug|Any CPU = Debug|Any CPU
		Release|Any CPU = Release|Any CPU
	EndGlobalSection
	GlobalSection(ProjectConfigurationPlatforms) = postSolution
		{BE145DBC-66A8-4F8C-BED3-735441639D1C}.Debug|Any CPU.ActiveCfg = Debug|Any CPU
		{BE145DBC-66A8-4F8C-BED3-735441639D1C}.Debug|Any CPU.Build.0 = Debug|Any CPU
		{BE145DBC-66A8-4F8C-BED3-735441639D1C}.Release|Any CPU.ActiveCfg = Release|Any CPU
		{BE145DBC-66A8-4F8C-BED3-735441639D1C}.Release|Any CPU.Build.0 = Release|Any CPU
	EndGlobalSection
	GlobalSection(SolutionProperties) = preSolution
		HideSolutionNode = FALSE
	EndGlobalSection
	GlobalSection(ExtensibilityGlobals) = postSolution
		SolutionGuid = {65C99E7D-2A61-4C41-ABE9-ADD3A57A51C9}
	EndGlobalSection
EndGlobal
